
Microsoft Visual Studio Solution File, Format Version 12.00
# Visual Studio Version 17
VisualStudioVersion = 17.13.35919.96 d17.13
MinimumVisualStudioVersion = 10.0.40219.1
Project("{FAE04EC0-301F-11D3-BF4B-00C04F79EFBC}") = "DXFTemplateWinForms", "DXFTemplateWinForms.csproj", "{CF8E226E-E078-4167-8623-361581D3138E}"
EndProject
Global
	GlobalSection(SolutionConfigurationPlatforms) = preSolution
		Debug|Any CPU = Debug|Any CPU
		Release|Any CPU = Release|Any CPU
	EndGlobalSection
	GlobalSection(ProjectConfigurationPlatforms) = postSolution
		{CF8E226E-E078-4167-8623-361581D3138E}.Debug|Any CPU.ActiveCfg = Debug|Any CPU
		{CF8E226E-E078-4167-8623-361581D3138E}.Debug|Any CPU.Build.0 = Debug|Any CPU
		{CF8E226E-E078-4167-8623-361581D3138E}.Release|Any CPU.ActiveCfg = Release|Any CPU
		{CF8E226E-E078-4167-8623-361581D3138E}.Release|Any CPU.Build.0 = Release|Any CPU
	EndGlobalSection
	GlobalSection(SolutionProperties) = preSolution
		HideSolutionNode = FALSE
	EndGlobalSection
	GlobalSection(ExtensibilityGlobals) = postSolution
		SolutionGuid = {B579268A-89D3-49C0-AC46-8CB8C326A11D}
	EndGlobalSection
EndGlobal
